
Microsoft Visual Studio Solution File, Format Version 12.00
# Visual Studio 15
VisualStudioVersion = 15.0.28307.168
MinimumVisualStudioVersion = 10.0.40219.1
Project("{FAE04EC0-301F-11D3-BF4B-00C04F79EFBC}") = "BusinessLayer", "BusinessLayer\BusinessLayer.csproj", "{40A0BB5D-E9A6-4C1C-86D3-72DDD67A7EB4}"
EndProject
Project("{FAE04EC0-301F-11D3-BF4B-00C04F79EFBC}") = "DataAccessLayer", "DataAccessLayer\DataAccessLayer.csproj", "{776D10B5-4D6E-4158-93C2-0513FC2490CE}"
EndProject
Project("{FAE04EC0-301F-11D3-BF4B-00C04F79EFBC}") = "Task5", "Task5\Task5.csproj", "{FB926E69-075E-459F-8F81-21A7064CC182}"
EndProject
Global
	GlobalSection(SolutionConfigurationPlatforms) = preSolution
		Debug|Any CPU = Debug|Any CPU
		Release|Any CPU = Release|Any CPU
	EndGlobalSection
	GlobalSection(ProjectConfigurationPlatforms) = postSolution
		{40A0BB5D-E9A6-4C1C-86D3-72DDD67A7EB4}.Debug|Any CPU.ActiveCfg = Debug|Any CPU
		{40A0BB5D-E9A6-4C1C-86D3-72DDD67A7EB4}.Debug|Any CPU.Build.0 = Debug|Any CPU
		{40A0BB5D-E9A6-4C1C-86D3-72DDD67A7EB4}.Release|Any CPU.ActiveCfg = Release|Any CPU
		{40A0BB5D-E9A6-4C1C-86D3-72DDD67A7EB4}.Release|Any CPU.Build.0 = Release|Any CPU
		{776D10B5-4D6E-4158-93C2-0513FC2490CE}.Debug|Any CPU.ActiveCfg = Debug|Any CPU
		{776D10B5-4D6E-4158-93C2-0513FC2490CE}.Debug|Any CPU.Build.0 = Debug|Any CPU
		{776D10B5-4D6E-4158-93C2-0513FC2490CE}.Release|Any CPU.ActiveCfg = Release|Any CPU
		{776D10B5-4D6E-4158-93C2-0513FC2490CE}.Release|Any CPU.Build.0 = Release|Any CPU
		{FB926E69-075E-459F-8F81-21A7064CC182}.Debug|Any CPU.ActiveCfg = Debug|Any CPU
		{FB926E69-075E-459F-8F81-21A7064CC182}.Debug|Any CPU.Build.0 = Debug|Any CPU
		{FB926E69-075E-459F-8F81-21A7064CC182}.Release|Any CPU.ActiveCfg = Release|Any CPU
		{FB926E69-075E-459F-8F81-21A7064CC182}.Release|Any CPU.Build.0 = Release|Any CPU
	EndGlobalSection
	GlobalSection(SolutionProperties) = preSolution
		HideSolutionNode = FALSE
	EndGlobalSection
	GlobalSection(ExtensibilityGlobals) = postSolution
		SolutionGuid = {761910A5-E0F8-487C-9282-2DF7428EB932}
	EndGlobalSection
EndGlobal
